
Microsoft Visual Studio Solution File, Format Version 11.00
# Visual Studio 2010
Project("{FAE04EC0-301F-11D3-BF4B-00C04F79EFBC}") = "DriveOnSurface", "DriveOnSurface\DriveOnSurface\DriveOnSurface.csproj", "{36D8D4C2-9551-4348-9CD3-FAF3BCB7BD80}"
EndProject
Project("{96E2B04D-8817-42C6-938A-82C39BA4D311}") = "DriveOnSurfaceContent", "DriveOnSurface\DriveOnSurfaceContent\DriveOnSurfaceContent.contentproj", "{3853E75F-1241-4A95-B2A8-C8F51F4CA2E4}"
EndProject
Global
	GlobalSection(SolutionConfigurationPlatforms) = preSolution
		Debug|x86 = Debug|x86
		Release|x86 = Release|x86
	EndGlobalSection
	GlobalSection(ProjectConfigurationPlatforms) = postSolution
		{36D8D4C2-9551-4348-9CD3-FAF3BCB7BD80}.Debug|x86.ActiveCfg = Debug|x86
		{36D8D4C2-9551-4348-9CD3-FAF3BCB7BD80}.Debug|x86.Build.0 = Debug|x86
		{36D8D4C2-9551-4348-9CD3-FAF3BCB7BD80}.Release|x86.ActiveCfg = Release|x86
		{36D8D4C2-9551-4348-9CD3-FAF3BCB7BD80}.Release|x86.Build.0 = Release|x86
		{3853E75F-1241-4A95-B2A8-C8F51F4CA2E4}.Debug|x86.ActiveCfg = Debug|x86
		{3853E75F-1241-4A95-B2A8-C8F51F4CA2E4}.Release|x86.ActiveCfg = Release|x86
	EndGlobalSection
	GlobalSection(SolutionProperties) = preSolution
		HideSolutionNode = FALSE
	EndGlobalSection
EndGlobal
